
Microsoft Visual Studio Solution File, Format Version 12.00
# Visual Studio Version 17
VisualStudioVersion = 17.10.35013.160
MinimumVisualStudioVersion = 10.0.40219.1
Project("{FAE04EC0-301F-11D3-BF4B-00C04F79EFBC}") = "GeminiNET", "GeminiNET\GeminiNET.csproj", "{30955304-4C34-4F25-889E-F368310B24FC}"
EndProject
Project("{54435603-DBB4-11D2-8724-00A0C9A8B90C}") = "Gemini_Setup", "Gemini_Setup\Gemini_Setup.vdproj", "{AA0372A3-B996-4FE6-B005-7E7309F69F68}"
EndProject
Project("{FAE04EC0-301F-11D3-BF4B-00C04F79EFBC}") = "GeminiWUI", "GeminiWUI\GeminiWUI.csproj", "{1220E2D1-AB5F-436C-89F3-4C5380D40404}"
EndProject
Global
	GlobalSection(SolutionConfigurationPlatforms) = preSolution
		Debug|Any CPU = Debug|Any CPU
		Debug|ARM64 = Debug|ARM64
		Debug|x64 = Debug|x64
		Debug|x86 = Debug|x86
		Release|Any CPU = Release|Any CPU
		Release|ARM64 = Release|ARM64
		Release|x64 = Release|x64
		Release|x86 = Release|x86
	EndGlobalSection
	GlobalSection(ProjectConfigurationPlatforms) = postSolution
		{30955304-4C34-4F25-889E-F368310B24FC}.Debug|Any CPU.ActiveCfg = Debug|Any CPU
		{30955304-4C34-4F25-889E-F368310B24FC}.Debug|Any CPU.Build.0 = Debug|Any CPU
		{30955304-4C34-4F25-889E-F368310B24FC}.Debug|ARM64.ActiveCfg = Debug|Any CPU
		{30955304-4C34-4F25-889E-F368310B24FC}.Debug|ARM64.Build.0 = Debug|Any CPU
		{30955304-4C34-4F25-889E-F368310B24FC}.Debug|x64.ActiveCfg = Debug|Any CPU
		{30955304-4C34-4F25-889E-F368310B24FC}.Debug|x64.Build.0 = Debug|Any CPU
		{30955304-4C34-4F25-889E-F368310B24FC}.Debug|x86.ActiveCfg = Debug|Any CPU
		{30955304-4C34-4F25-889E-F368310B24FC}.Debug|x86.Build.0 = Debug|Any CPU
		{30955304-4C34-4F25-889E-F368310B24FC}.Release|Any CPU.ActiveCfg = Release|Any CPU
		{30955304-4C34-4F25-889E-F368310B24FC}.Release|Any CPU.Build.0 = Release|Any CPU
		{30955304-4C34-4F25-889E-F368310B24FC}.Release|ARM64.ActiveCfg = Release|Any CPU
		{30955304-4C34-4F25-889E-F368310B24FC}.Release|ARM64.Build.0 = Release|Any CPU
		{30955304-4C34-4F25-889E-F368310B24FC}.Release|x64.ActiveCfg = Release|Any CPU
		{30955304-4C34-4F25-889E-F368310B24FC}.Release|x64.Build.0 = Release|Any CPU
		{30955304-4C34-4F25-889E-F368310B24FC}.Release|x86.ActiveCfg = Release|Any CPU
		{30955304-4C34-4F25-889E-F368310B24FC}.Release|x86.Build.0 = Release|Any CPU
		{AA0372A3-B996-4FE6-B005-7E7309F69F68}.Debug|Any CPU.ActiveCfg = Debug
		{AA0372A3-B996-4FE6-B005-7E7309F69F68}.Debug|ARM64.ActiveCfg = Debug
		{AA0372A3-B996-4FE6-B005-7E7309F69F68}.Debug|x64.ActiveCfg = Debug
		{AA0372A3-B996-4FE6-B005-7E7309F69F68}.Debug|x86.ActiveCfg = Debug
		{AA0372A3-B996-4FE6-B005-7E7309F69F68}.Release|Any CPU.ActiveCfg = Release
		{AA0372A3-B996-4FE6-B005-7E7309F69F68}.Release|ARM64.ActiveCfg = Release
		{AA0372A3-B996-4FE6-B005-7E7309F69F68}.Release|x64.ActiveCfg = Release
		{AA0372A3-B996-4FE6-B005-7E7309F69F68}.Release|x86.ActiveCfg = Release
		{1220E2D1-AB5F-436C-89F3-4C5380D40404}.Debug|Any CPU.ActiveCfg = Debug|x64
		{1220E2D1-AB5F-436C-89F3-4C5380D40404}.Debug|Any CPU.Build.0 = Debug|x64
		{1220E2D1-AB5F-436C-89F3-4C5380D40404}.Debug|Any CPU.Deploy.0 = Debug|x64
		{1220E2D1-AB5F-436C-89F3-4C5380D40404}.Debug|ARM64.ActiveCfg = Debug|ARM64
		{1220E2D1-AB5F-436C-89F3-4C5380D40404}.Debug|ARM64.Build.0 = Debug|ARM64
		{1220E2D1-AB5F-436C-89F3-4C5380D40404}.Debug|ARM64.Deploy.0 = Debug|ARM64
		{1220E2D1-AB5F-436C-89F3-4C5380D40404}.Debug|x64.ActiveCfg = Debug|x64
		{1220E2D1-AB5F-436C-89F3-4C5380D40404}.Debug|x64.Build.0 = Debug|x64
		{1220E2D1-AB5F-436C-89F3-4C5380D40404}.Debug|x64.Deploy.0 = Debug|x64
		{1220E2D1-AB5F-436C-89F3-4C5380D40404}.Debug|x86.ActiveCfg = Debug|x86
		{1220E2D1-AB5F-436C-89F3-4C5380D40404}.Debug|x86.Build.0 = Debug|x86
		{1220E2D1-AB5F-436C-89F3-4C5380D40404}.Debug|x86.Deploy.0 = Debug|x86
		{1220E2D1-AB5F-436C-89F3-4C5380D40404}.Release|Any CPU.ActiveCfg = Release|x64
		{1220E2D1-AB5F-436C-89F3-4C5380D40404}.Release|Any CPU.Build.0 = Release|x64
		{1220E2D1-AB5F-436C-89F3-4C5380D40404}.Release|Any CPU.Deploy.0 = Release|x64
		{1220E2D1-AB5F-436C-89F3-4C5380D40404}.Release|ARM64.ActiveCfg = Release|ARM64
		{1220E2D1-AB5F-436C-89F3-4C5380D40404}.Release|ARM64.Build.0 = Release|ARM64
		{1220E2D1-AB5F-436C-89F3-4C5380D40404}.Release|ARM64.Deploy.0 = Release|ARM64
		{1220E2D1-AB5F-436C-89F3-4C5380D40404}.Release|x64.ActiveCfg = Release|x64
		{1220E2D1-AB5F-436C-89F3-4C5380D40404}.Release|x64.Build.0 = Release|x64
		{1220E2D1-AB5F-436C-89F3-4C5380D40404}.Release|x64.Deploy.0 = Release|x64
		{1220E2D1-AB5F-436C-89F3-4C5380D40404}.Release|x86.ActiveCfg = Release|x86
		{1220E2D1-AB5F-436C-89F3-4C5380D40404}.Release|x86.Build.0 = Release|x86
		{1220E2D1-AB5F-436C-89F3-4C5380D40404}.Release|x86.Deploy.0 = Release|x86
	EndGlobalSection
	GlobalSection(SolutionProperties) = preSolution
		HideSolutionNode = FALSE
	EndGlobalSection
	GlobalSection(ExtensibilityGlobals) = postSolution
		SolutionGuid = {6071A861-0A00-4473-8170-D5E6BC8C38E3}
	EndGlobalSection
EndGlobal
